
Microsoft Visual Studio Solution File, Format Version 12.00
# Visual Studio Version 16
VisualStudioVersion = 16.0.31229.75
MinimumVisualStudioVersion = 10.0.40219.1
Project("{2150E333-8FDC-42A3-9474-1A3956D46DE8}") = "Users", "Users", "{6987A00F-C4D8-4A91-A9BF-6C91C9C932E3}"
EndProject
Project("{9A19103F-16F7-4668-BE54-9A1E7A4F7556}") = "Users", "Users\Users\Users.csproj", "{F32C9FFE-095B-4577-AFBF-A33683A930B9}"
EndProject
Project("{9A19103F-16F7-4668-BE54-9A1E7A4F7556}") = "Users.Contract", "Users\Users.Contract\Users.Contract.csproj", "{2AFD2C1B-303E-4D0D-947D-E935FC9C9FB6}"
EndProject
Project("{2150E333-8FDC-42A3-9474-1A3956D46DE8}") = "Orders", "Orders", "{9F271917-6F75-43FA-871F-87DDD5F6F96C}"
EndProject
Project("{2150E333-8FDC-42A3-9474-1A3956D46DE8}") = "StoreCatalog", "StoreCatalog", "{E24F7BDC-8FFA-468C-A895-649B59C76A73}"
EndProject
Project("{FAE04EC0-301F-11D3-BF4B-00C04F79EFBC}") = "Orders.Contract", "Orders\Orders.Contract\Orders.Contract.csproj", "{521E2B98-9EBD-4405-9E04-AC6773BA0239}"
EndProject
Project("{FAE04EC0-301F-11D3-BF4B-00C04F79EFBC}") = "Orders", "Orders\Orders\Orders.csproj", "{AA98370B-F2D7-48D7-8899-E31AEA69051F}"
EndProject
Project("{FAE04EC0-301F-11D3-BF4B-00C04F79EFBC}") = "StoreCatalog", "StoreCatalog\StoreCatalog\StoreCatalog.csproj", "{BC47B597-8C74-44BC-816E-255A66DB5A31}"
EndProject
Project("{FAE04EC0-301F-11D3-BF4B-00C04F79EFBC}") = "StoreCatalog.Contract", "StoreCatalog\StoreCatalog.Contract\StoreCatalog.Contract.csproj", "{B9FC9E29-A3DA-476B-B3AB-F9CAF371327A}"
EndProject
Global
	GlobalSection(SolutionConfigurationPlatforms) = preSolution
		Debug|Any CPU = Debug|Any CPU
		Release|Any CPU = Release|Any CPU
	EndGlobalSection
	GlobalSection(ProjectConfigurationPlatforms) = postSolution
		{F32C9FFE-095B-4577-AFBF-A33683A930B9}.Debug|Any CPU.ActiveCfg = Debug|Any CPU
		{F32C9FFE-095B-4577-AFBF-A33683A930B9}.Debug|Any CPU.Build.0 = Debug|Any CPU
		{F32C9FFE-095B-4577-AFBF-A33683A930B9}.Release|Any CPU.ActiveCfg = Release|Any CPU
		{F32C9FFE-095B-4577-AFBF-A33683A930B9}.Release|Any CPU.Build.0 = Release|Any CPU
		{2AFD2C1B-303E-4D0D-947D-E935FC9C9FB6}.Debug|Any CPU.ActiveCfg = Debug|Any CPU
		{2AFD2C1B-303E-4D0D-947D-E935FC9C9FB6}.Debug|Any CPU.Build.0 = Debug|Any CPU
		{2AFD2C1B-303E-4D0D-947D-E935FC9C9FB6}.Release|Any CPU.ActiveCfg = Release|Any CPU
		{2AFD2C1B-303E-4D0D-947D-E935FC9C9FB6}.Release|Any CPU.Build.0 = Release|Any CPU
		{521E2B98-9EBD-4405-9E04-AC6773BA0239}.Debug|Any CPU.ActiveCfg = Debug|Any CPU
		{521E2B98-9EBD-4405-9E04-AC6773BA0239}.Debug|Any CPU.Build.0 = Debug|Any CPU
		{521E2B98-9EBD-4405-9E04-AC6773BA0239}.Release|Any CPU.ActiveCfg = Release|Any CPU
		{521E2B98-9EBD-4405-9E04-AC6773BA0239}.Release|Any CPU.Build.0 = Release|Any CPU
		{AA98370B-F2D7-48D7-8899-E31AEA69051F}.Debug|Any CPU.ActiveCfg = Debug|Any CPU
		{AA98370B-F2D7-48D7-8899-E31AEA69051F}.Debug|Any CPU.Build.0 = Debug|Any CPU
		{AA98370B-F2D7-48D7-8899-E31AEA69051F}.Release|Any CPU.ActiveCfg = Release|Any CPU
		{AA98370B-F2D7-48D7-8899-E31AEA69051F}.Release|Any CPU.Build.0 = Release|Any CPU
		{BC47B597-8C74-44BC-816E-255A66DB5A31}.Debug|Any CPU.ActiveCfg = Debug|Any CPU
		{BC47B597-8C74-44BC-816E-255A66DB5A31}.Debug|Any CPU.Build.0 = Debug|Any CPU
		{BC47B597-8C74-44BC-816E-255A66DB5A31}.Release|Any CPU.ActiveCfg = Release|Any CPU
		{BC47B597-8C74-44BC-816E-255A66DB5A31}.Release|Any CPU.Build.0 = Release|Any CPU
		{B9FC9E29-A3DA-476B-B3AB-F9CAF371327A}.Debug|Any CPU.ActiveCfg = Debug|Any CPU
		{B9FC9E29-A3DA-476B-B3AB-F9CAF371327A}.Debug|Any CPU.Build.0 = Debug|Any CPU
		{B9FC9E29-A3DA-476B-B3AB-F9CAF371327A}.Release|Any CPU.ActiveCfg = Release|Any CPU
		{B9FC9E29-A3DA-476B-B3AB-F9CAF371327A}.Release|Any CPU.Build.0 = Release|Any CPU
	EndGlobalSection
	GlobalSection(SolutionProperties) = preSolution
		HideSolutionNode = FALSE
	EndGlobalSection
	GlobalSection(NestedProjects) = preSolution
		{F32C9FFE-095B-4577-AFBF-A33683A930B9} = {6987A00F-C4D8-4A91-A9BF-6C91C9C932E3}
		{2AFD2C1B-303E-4D0D-947D-E935FC9C9FB6} = {6987A00F-C4D8-4A91-A9BF-6C91C9C932E3}
		{521E2B98-9EBD-4405-9E04-AC6773BA0239} = {9F271917-6F75-43FA-871F-87DDD5F6F96C}
		{AA98370B-F2D7-48D7-8899-E31AEA69051F} = {9F271917-6F75-43FA-871F-87DDD5F6F96C}
		{BC47B597-8C74-44BC-816E-255A66DB5A31} = {E24F7BDC-8FFA-468C-A895-649B59C76A73}
		{B9FC9E29-A3DA-476B-B3AB-F9CAF371327A} = {E24F7BDC-8FFA-468C-A895-649B59C76A73}
	EndGlobalSection
	GlobalSection(ExtensibilityGlobals) = postSolution
		SolutionGuid = {60B664A8-A37B-4678-BA10-B835E801FD47}
	EndGlobalSection
EndGlobal
